
Microsoft Visual Studio Solution File, Format Version 12.00
# Visual Studio 15
Project("{FAE04EC0-301F-11D3-BF4B-00C04F79EFBC}") = "Assembly-CSharp-firstpass", "Assembly-CSharp-firstpass.csproj", "{1D42F3E5-672A-F95F-0AAC-58897D3626DF}"
EndProject
Project("{FAE04EC0-301F-11D3-BF4B-00C04F79EFBC}") = "Assembly-CSharp", "Assembly-CSharp.csproj", "{A3637AF3-D96D-2087-C678-984DF772EA17}"
EndProject
Project("{FAE04EC0-301F-11D3-BF4B-00C04F79EFBC}") = "Assembly-CSharp-Editor-firstpass", "Assembly-CSharp-Editor-firstpass.csproj", "{8091F19F-7736-19A3-23D4-CEFCAE6171D2}"
EndProject
Global
	GlobalSection(SolutionConfigurationPlatforms) = preSolution
		Debug|Any CPU = Debug|Any CPU
		Release|Any CPU = Release|Any CPU
	EndGlobalSection
	GlobalSection(ProjectConfigurationPlatforms) = postSolution
		{1D42F3E5-672A-F95F-0AAC-58897D3626DF}.Debug|Any CPU.ActiveCfg = Debug|Any CPU
		{1D42F3E5-672A-F95F-0AAC-58897D3626DF}.Debug|Any CPU.Build.0 = Debug|Any CPU
		{1D42F3E5-672A-F95F-0AAC-58897D3626DF}.Release|Any CPU.ActiveCfg = Release|Any CPU
		{1D42F3E5-672A-F95F-0AAC-58897D3626DF}.Release|Any CPU.Build.0 = Release|Any CPU
		{A3637AF3-D96D-2087-C678-984DF772EA17}.Debug|Any CPU.ActiveCfg = Debug|Any CPU
		{A3637AF3-D96D-2087-C678-984DF772EA17}.Debug|Any CPU.Build.0 = Debug|Any CPU
		{A3637AF3-D96D-2087-C678-984DF772EA17}.Release|Any CPU.ActiveCfg = Release|Any CPU
		{A3637AF3-D96D-2087-C678-984DF772EA17}.Release|Any CPU.Build.0 = Release|Any CPU
		{8091F19F-7736-19A3-23D4-CEFCAE6171D2}.Debug|Any CPU.ActiveCfg = Debug|Any CPU
		{8091F19F-7736-19A3-23D4-CEFCAE6171D2}.Debug|Any CPU.Build.0 = Debug|Any CPU
		{8091F19F-7736-19A3-23D4-CEFCAE6171D2}.Release|Any CPU.ActiveCfg = Release|Any CPU
		{8091F19F-7736-19A3-23D4-CEFCAE6171D2}.Release|Any CPU.Build.0 = Release|Any CPU
	EndGlobalSection
	GlobalSection(SolutionProperties) = preSolution
		HideSolutionNode = FALSE
	EndGlobalSection
EndGlobal
